
Microsoft Visual Studio Solution File, Format Version 12.00
# Visual Studio 15
VisualStudioVersion = 15.0.28307.1062
MinimumVisualStudioVersion = 10.0.40219.1
Project("{FAE04EC0-301F-11D3-BF4B-00C04F79EFBC}") = "Tests", "Tests\Tests.csproj", "{D8975CAD-4900-40D6-9548-ECFE485AFE2C}"
EndProject
Project("{FAE04EC0-301F-11D3-BF4B-00C04F79EFBC}") = "BusinessLogic", "BusinessLogic\BusinessLogic.csproj", "{FDBEAAA9-4789-493B-8A4C-F3B81F91E18F}"
EndProject
Project("{FAE04EC0-301F-11D3-BF4B-00C04F79EFBC}") = "Exceptions", "Exceptions\Exceptions.csproj", "{48F65EC8-9CFD-494D-BB0F-9A10804C5202}"
EndProject
Global
	GlobalSection(SolutionConfigurationPlatforms) = preSolution
		Debug|Any CPU = Debug|Any CPU
		Release|Any CPU = Release|Any CPU
	EndGlobalSection
	GlobalSection(ProjectConfigurationPlatforms) = postSolution
		{D8975CAD-4900-40D6-9548-ECFE485AFE2C}.Debug|Any CPU.ActiveCfg = Debug|Any CPU
		{D8975CAD-4900-40D6-9548-ECFE485AFE2C}.Debug|Any CPU.Build.0 = Debug|Any CPU
		{D8975CAD-4900-40D6-9548-ECFE485AFE2C}.Release|Any CPU.ActiveCfg = Release|Any CPU
		{D8975CAD-4900-40D6-9548-ECFE485AFE2C}.Release|Any CPU.Build.0 = Release|Any CPU
		{FDBEAAA9-4789-493B-8A4C-F3B81F91E18F}.Debug|Any CPU.ActiveCfg = Debug|Any CPU
		{FDBEAAA9-4789-493B-8A4C-F3B81F91E18F}.Debug|Any CPU.Build.0 = Debug|Any CPU
		{FDBEAAA9-4789-493B-8A4C-F3B81F91E18F}.Release|Any CPU.ActiveCfg = Release|Any CPU
		{FDBEAAA9-4789-493B-8A4C-F3B81F91E18F}.Release|Any CPU.Build.0 = Release|Any CPU
		{48F65EC8-9CFD-494D-BB0F-9A10804C5202}.Debug|Any CPU.ActiveCfg = Debug|Any CPU
		{48F65EC8-9CFD-494D-BB0F-9A10804C5202}.Debug|Any CPU.Build.0 = Debug|Any CPU
		{48F65EC8-9CFD-494D-BB0F-9A10804C5202}.Release|Any CPU.ActiveCfg = Release|Any CPU
		{48F65EC8-9CFD-494D-BB0F-9A10804C5202}.Release|Any CPU.Build.0 = Release|Any CPU
	EndGlobalSection
	GlobalSection(SolutionProperties) = preSolution
		HideSolutionNode = FALSE
	EndGlobalSection
	GlobalSection(ExtensibilityGlobals) = postSolution
		SolutionGuid = {360AE097-F7BE-4661-B149-D4CF6D7AC17C}
	EndGlobalSection
EndGlobal
